
Microsoft Visual Studio Solution File, Format Version 12.00
# Visual Studio Version 17
VisualStudioVersion = 17.10.35004.147
MinimumVisualStudioVersion = 10.0.40219.1
Project("{9A19103F-16F7-4668-BE54-9A1E7A4F7556}") = "QF.Notices", "QF.Notices.csproj", "{117DEA62-D833-418E-B557-BB32F2DC4B44}"
EndProject
Project("{FAE04EC0-301F-11D3-BF4B-00C04F79EFBC}") = "QF.Api", "..\QF.Api\QF.Api.csproj", "{8C2FB1DF-9667-4867-A049-1FDA631FEC59}"
EndProject
Global
	GlobalSection(SolutionConfigurationPlatforms) = preSolution
		Debug|Any CPU = Debug|Any CPU
		Release|Any CPU = Release|Any CPU
	EndGlobalSection
	GlobalSection(ProjectConfigurationPlatforms) = postSolution
		{117DEA62-D833-418E-B557-BB32F2DC4B44}.Debug|Any CPU.ActiveCfg = Debug|Any CPU
		{117DEA62-D833-418E-B557-BB32F2DC4B44}.Debug|Any CPU.Build.0 = Debug|Any CPU
		{117DEA62-D833-418E-B557-BB32F2DC4B44}.Release|Any CPU.ActiveCfg = Release|Any CPU
		{117DEA62-D833-418E-B557-BB32F2DC4B44}.Release|Any CPU.Build.0 = Release|Any CPU
		{8C2FB1DF-9667-4867-A049-1FDA631FEC59}.Debug|Any CPU.ActiveCfg = Debug|Any CPU
		{8C2FB1DF-9667-4867-A049-1FDA631FEC59}.Debug|Any CPU.Build.0 = Debug|Any CPU
		{8C2FB1DF-9667-4867-A049-1FDA631FEC59}.Release|Any CPU.ActiveCfg = Release|Any CPU
		{8C2FB1DF-9667-4867-A049-1FDA631FEC59}.Release|Any CPU.Build.0 = Release|Any CPU
	EndGlobalSection
	GlobalSection(SolutionProperties) = preSolution
		HideSolutionNode = FALSE
	EndGlobalSection
	GlobalSection(ExtensibilityGlobals) = postSolution
		SolutionGuid = {619373B3-7276-4A75-9C06-8A8102B9FFCF}
	EndGlobalSection
EndGlobal
